
Microsoft Visual Studio Solution File, Format Version 12.00
# Visual Studio Version 17
VisualStudioVersion = 17.6.33723.286
MinimumVisualStudioVersion = 10.0.40219.1
Project("{FAE04EC0-301F-11D3-BF4B-00C04F79EFBC}") = "exercicioAula09-Casa", "exercicioAula09-Casa.csproj", "{4FEDA72A-F973-43E8-A23F-CC5A76C4DE6E}"
EndProject
Global
	GlobalSection(SolutionConfigurationPlatforms) = preSolution
		Debug|Any CPU = Debug|Any CPU
		Release|Any CPU = Release|Any CPU
	EndGlobalSection
	GlobalSection(ProjectConfigurationPlatforms) = postSolution
		{4FEDA72A-F973-43E8-A23F-CC5A76C4DE6E}.Debug|Any CPU.ActiveCfg = Debug|Any CPU
		{4FEDA72A-F973-43E8-A23F-CC5A76C4DE6E}.Debug|Any CPU.Build.0 = Debug|Any CPU
		{4FEDA72A-F973-43E8-A23F-CC5A76C4DE6E}.Release|Any CPU.ActiveCfg = Release|Any CPU
		{4FEDA72A-F973-43E8-A23F-CC5A76C4DE6E}.Release|Any CPU.Build.0 = Release|Any CPU
	EndGlobalSection
	GlobalSection(SolutionProperties) = preSolution
		HideSolutionNode = FALSE
	EndGlobalSection
	GlobalSection(ExtensibilityGlobals) = postSolution
		SolutionGuid = {2AADA46F-9554-4996-8552-BC4ECB224EAE}
	EndGlobalSection
EndGlobal
